// !$*UTF8*$!
{
	archiveVersion = 1;
	classes = {
	};
	objectVersion = 48;
	objects = {

/* Begin PBXBuildFile section */
		03076A642059E80F00168E62 /* AppDelegate.swift in Sources */ = {isa = PBXBuildFile; fileRef = 03076A632059E80F00168E62 /* AppDelegate.swift */; };
		03076A662059E80F00168E62 /* UIImageView+Extension.swift in Sources */ = {isa = PBXBuildFile; fileRef = 03076A652059E80F00168E62 /* UIImageView+Extension.swift */; };
		03076A692059E80F00168E62 /* PostsOverviewCollectionViewController.storyboard in Resources */ = {isa = PBXBuildFile; fileRef = 03076A672059E80F00168E62 /* PostsOverviewCollectionViewController.storyboard */; };
		03076A6B2059E80F00168E62 /* Assets.xcassets in Resources */ = {isa = PBXBuildFile; fileRef = 03076A6A2059E80F00168E62 /* Assets.xcassets */; };
		03076A6E2059E80F00168E62 /* LaunchScreen.storyboard in Resources */ = {isa = PBXBuildFile; fileRef = 03076A6C2059E80F00168E62 /* LaunchScreen.storyboard */; };
		03076A772059E8B900168E62 /* Item.swift in Sources */ = {isa = PBXBuildFile; fileRef = 03076A752059E8B800168E62 /* Item.swift */; };
		03076A782059E8B900168E62 /* AllItems.swift in Sources */ = {isa = PBXBuildFile; fileRef = 03076A762059E8B800168E62 /* AllItems.swift */; };
		03083427246C7D1500F6B6CE /* UserInfoViewController.swift in Sources */ = {isa = PBXBuildFile; fileRef = 03083426246C7D1500F6B6CE /* UserInfoViewController.swift */; };
		03083429246C7D5D00F6B6CE /* UserInfoViewController.storyboard in Resources */ = {isa = PBXBuildFile; fileRef = 03083428246C7D5D00F6B6CE /* UserInfoViewController.storyboard */; };
		030CAF542440B76400D6885C /* CommentsViewController.swift in Sources */ = {isa = PBXBuildFile; fileRef = 030CAF532440B76400D6885C /* CommentsViewController.swift */; };
		030CAF562440B76A00D6885C /* CommentsViewController.storyboard in Resources */ = {isa = PBXBuildFile; fileRef = 030CAF552440B76A00D6885C /* CommentsViewController.storyboard */; };
		030CAF5E2449183F00D6885C /* UIImage+Gif.swift in Sources */ = {isa = PBXBuildFile; fileRef = 030CAF5D2449183F00D6885C /* UIImage+Gif.swift */; };
		030CAF61244CD75E00D6885C /* SettingsViewController.swift in Sources */ = {isa = PBXBuildFile; fileRef = 030CAF60244CD75E00D6885C /* SettingsViewController.swift */; };
		030CAF66244CD93D00D6885C /* ThemeSelectionCell.swift in Sources */ = {isa = PBXBuildFile; fileRef = 030CAF64244CD93D00D6885C /* ThemeSelectionCell.swift */; };
		030CAF67244CD93D00D6885C /* ThemeSelectionCell.xib in Resources */ = {isa = PBXBuildFile; fileRef = 030CAF65244CD93D00D6885C /* ThemeSelectionCell.xib */; };
		031EE8302065C59B0030CA68 /* AppDelegate.swift in Sources */ = {isa = PBXBuildFile; fileRef = 031EE82F2065C59B0030CA68 /* AppDelegate.swift */; };
		031EE8322065C59B0030CA68 /* TVViewController.swift in Sources */ = {isa = PBXBuildFile; fileRef = 031EE8312065C59B0030CA68 /* TVViewController.swift */; };
		031EE8352065C59B0030CA68 /* Pr0grammTV.xcdatamodeld in Sources */ = {isa = PBXBuildFile; fileRef = 031EE8332065C59B0030CA68 /* Pr0grammTV.xcdatamodeld */; };
		031EE8382065C59B0030CA68 /* TVViewController.storyboard in Resources */ = {isa = PBXBuildFile; fileRef = 031EE8362065C59B0030CA68 /* TVViewController.storyboard */; };
		031EE83A2065C59B0030CA68 /* Assets.xcassets in Resources */ = {isa = PBXBuildFile; fileRef = 031EE8392065C59B0030CA68 /* Assets.xcassets */; };
		031EE83F2065C5B10030CA68 /* Pr0grammConnector.swift in Sources */ = {isa = PBXBuildFile; fileRef = 033CF1B7205BDC6B00627321 /* Pr0grammConnector.swift */; };
		031EE8402065C5B10030CA68 /* AllItems.swift in Sources */ = {isa = PBXBuildFile; fileRef = 03076A762059E8B800168E62 /* AllItems.swift */; };
		031EE8412065C5B10030CA68 /* Item.swift in Sources */ = {isa = PBXBuildFile; fileRef = 03076A752059E8B800168E62 /* Item.swift */; };
		031EE8422065C5B10030CA68 /* ItemInfo.swift in Sources */ = {isa = PBXBuildFile; fileRef = 033CF1C4205C0F7400627321 /* ItemInfo.swift */; };
		031EE8432065C5B10030CA68 /* Comment.swift in Sources */ = {isa = PBXBuildFile; fileRef = 033CF1C0205BFF9A00627321 /* Comment.swift */; };
		031EE8442065C5B10030CA68 /* Tags.swift in Sources */ = {isa = PBXBuildFile; fileRef = 033CF1C1205BFF9A00627321 /* Tags.swift */; };
		032E62FF243F8E9900FA6C00 /* DetailViewModel.swift in Sources */ = {isa = PBXBuildFile; fileRef = 032E62FE243F8E9900FA6C00 /* DetailViewModel.swift */; };
		0331B2862427ED4D0040D1D1 /* DetailCollectionViewController.swift in Sources */ = {isa = PBXBuildFile; fileRef = 0331B2852427ED4D0040D1D1 /* DetailCollectionViewController.swift */; };
		0331B2882427ED680040D1D1 /* DetailCollectionViewController.storyboard in Resources */ = {isa = PBXBuildFile; fileRef = 0331B2872427ED680040D1D1 /* DetailCollectionViewController.storyboard */; };
		033CF1B6205BDBED00627321 /* PostsOverviewCollectionViewController.swift in Sources */ = {isa = PBXBuildFile; fileRef = 033CF1B5205BDBED00627321 /* PostsOverviewCollectionViewController.swift */; };
		033CF1B8205BDC6B00627321 /* Pr0grammConnector.swift in Sources */ = {isa = PBXBuildFile; fileRef = 033CF1B7205BDC6B00627321 /* Pr0grammConnector.swift */; };
		033CF1BA205BDE1500627321 /* ThumbCollectionViewCell.swift in Sources */ = {isa = PBXBuildFile; fileRef = 033CF1B9205BDE1500627321 /* ThumbCollectionViewCell.swift */; };
		033CF1BC205BE5AC00627321 /* DetailViewController.swift in Sources */ = {isa = PBXBuildFile; fileRef = 033CF1BB205BE5AC00627321 /* DetailViewController.swift */; };
		033CF1C2205BFF9A00627321 /* Comment.swift in Sources */ = {isa = PBXBuildFile; fileRef = 033CF1C0205BFF9A00627321 /* Comment.swift */; };
		033CF1C3205BFF9A00627321 /* Tags.swift in Sources */ = {isa = PBXBuildFile; fileRef = 033CF1C1205BFF9A00627321 /* Tags.swift */; };
		033CF1C5205C0F7400627321 /* ItemInfo.swift in Sources */ = {isa = PBXBuildFile; fileRef = 033CF1C4205C0F7400627321 /* ItemInfo.swift */; };
		033CF1C7205ED95500627321 /* CommentCell.swift in Sources */ = {isa = PBXBuildFile; fileRef = 033CF1C6205ED95500627321 /* CommentCell.swift */; };
		033CF1CB205FCB4500627321 /* NibView.swift in Sources */ = {isa = PBXBuildFile; fileRef = 033CF1CA205FCB4500627321 /* NibView.swift */; };
		03460AD7244F9ABE007F16DB /* SearchTableViewController.swift in Sources */ = {isa = PBXBuildFile; fileRef = 03460AD6244F9ABE007F16DB /* SearchTableViewController.swift */; };
		03460AD9244F9AEA007F16DB /* SearchTableViewController.storyboard in Resources */ = {isa = PBXBuildFile; fileRef = 03460AD8244F9AEA007F16DB /* SearchTableViewController.storyboard */; };
		0354AAEE24311CE6009C35E0 /* DownloadedFilesTableViewController.swift in Sources */ = {isa = PBXBuildFile; fileRef = 0354AAED24311CE6009C35E0 /* DownloadedFilesTableViewController.swift */; };
		0354AAF024311D08009C35E0 /* DownloadedFilesTableViewController.storyboard in Resources */ = {isa = PBXBuildFile; fileRef = 0354AAEF24311D08009C35E0 /* DownloadedFilesTableViewController.storyboard */; };
		0354AAF324312E37009C35E0 /* ImageDetailViewController.storyboard in Resources */ = {isa = PBXBuildFile; fileRef = 0354AAF224312E37009C35E0 /* ImageDetailViewController.storyboard */; };
		0354AAF524312E52009C35E0 /* ImageDetailViewController.swift in Sources */ = {isa = PBXBuildFile; fileRef = 0354AAF424312E52009C35E0 /* ImageDetailViewController.swift */; };
		035EBA792426261C009185E9 /* Captcha.swift in Sources */ = {isa = PBXBuildFile; fileRef = 035EBA782426261C009185E9 /* Captcha.swift */; };
		035EBA7B24262C0B009185E9 /* LoginViewController.swift in Sources */ = {isa = PBXBuildFile; fileRef = 035EBA7A24262C0B009185E9 /* LoginViewController.swift */; };
		035EBA7D24262C7E009185E9 /* StoryboardViewController.swift in Sources */ = {isa = PBXBuildFile; fileRef = 035EBA7C24262C7E009185E9 /* StoryboardViewController.swift */; };
		035EBA7F24262CA3009185E9 /* LoginViewController.storyboard in Resources */ = {isa = PBXBuildFile; fileRef = 035EBA7E24262CA3009185E9 /* LoginViewController.storyboard */; };
		035EBA822426DA5E009185E9 /* Coordinator.swift in Sources */ = {isa = PBXBuildFile; fileRef = 035EBA812426DA5E009185E9 /* Coordinator.swift */; };
		035EBA842427790C009185E9 /* DetailViewController.storyboard in Resources */ = {isa = PBXBuildFile; fileRef = 035EBA832427790C009185E9 /* DetailViewController.storyboard */; };
		035F91DE2519FD9E00C2CF08 /* PostCountSelectionCell.swift in Sources */ = {isa = PBXBuildFile; fileRef = 035F91DD2519FD9E00C2CF08 /* PostCountSelectionCell.swift */; };
		035F91E22519FDBA00C2CF08 /* PostCountSelectionCell.xib in Resources */ = {isa = PBXBuildFile; fileRef = 035F91E12519FDBA00C2CF08 /* PostCountSelectionCell.xib */; };
		036D58862473372500982AB3 /* ProfileComments.swift in Sources */ = {isa = PBXBuildFile; fileRef = 036D58852473372500982AB3 /* ProfileComments.swift */; };
		0388A0B524293BE0006E86A3 /* TapableImage+Video.swift in Sources */ = {isa = PBXBuildFile; fileRef = 0388A0B424293BE0006E86A3 /* TapableImage+Video.swift */; };
		0388A0B724297C70006E86A3 /* Downloader.swift in Sources */ = {isa = PBXBuildFile; fileRef = 0388A0B624297C70006E86A3 /* Downloader.swift */; };
		0389C64F248D9F240053AE51 /* CollectionsTableViewController.swift in Sources */ = {isa = PBXBuildFile; fileRef = 0389C64E248D9F240053AE51 /* CollectionsTableViewController.swift */; };
		0389C651248D9FD20053AE51 /* CollectionsTableViewController.storyboard in Resources */ = {isa = PBXBuildFile; fileRef = 0389C650248D9FD20053AE51 /* CollectionsTableViewController.storyboard */; };
		038F7C97246E0DEE00D268BA /* UserInfo.swift in Sources */ = {isa = PBXBuildFile; fileRef = 038F7C91246E0DEE00D268BA /* UserInfo.swift */; };
		038F7C98246E0DEE00D268BA /* CollectionItem.swift in Sources */ = {isa = PBXBuildFile; fileRef = 038F7C92246E0DEE00D268BA /* CollectionItem.swift */; };
		038F7C99246E0DEE00D268BA /* CommentsLikes.swift in Sources */ = {isa = PBXBuildFile; fileRef = 038F7C93246E0DEE00D268BA /* CommentsLikes.swift */; };
		038F7C9A246E0DEE00D268BA /* Uploads.swift in Sources */ = {isa = PBXBuildFile; fileRef = 038F7C94246E0DEE00D268BA /* Uploads.swift */; };
		038F7C9B246E0DEE00D268BA /* Badges.swift in Sources */ = {isa = PBXBuildFile; fileRef = 038F7C95246E0DEE00D268BA /* Badges.swift */; };
		038F7C9C246E0DEE00D268BA /* User.swift in Sources */ = {isa = PBXBuildFile; fileRef = 038F7C96246E0DEE00D268BA /* User.swift */; };
		03A93324243BAFBB00A16E1B /* Login.swift in Sources */ = {isa = PBXBuildFile; fileRef = 03A93323243BAFBB00A16E1B /* Login.swift */; };
		03A93326243BC82000A16E1B /* AlignedCollectionViewFlowLayout.swift in Sources */ = {isa = PBXBuildFile; fileRef = 03A93325243BC82000A16E1B /* AlignedCollectionViewFlowLayout.swift */; };
		03A93328243CEFE100A16E1B /* HapticFeedbackButton.swift in Sources */ = {isa = PBXBuildFile; fileRef = 03A93327243CEFE100A16E1B /* HapticFeedbackButton.swift */; };
		03B0628A2428CFD600CA657A /* InfoView.xib in Resources */ = {isa = PBXBuildFile; fileRef = 03B062892428CFD600CA657A /* InfoView.xib */; };
		03B0628C2428CFE100CA657A /* InfoView.swift in Sources */ = {isa = PBXBuildFile; fileRef = 03B0628B2428CFE100CA657A /* InfoView.swift */; };
		03B0628E2428E9FF00CA657A /* TagsCollectionViewController.swift in Sources */ = {isa = PBXBuildFile; fileRef = 03B0628D2428E9FF00CA657A /* TagsCollectionViewController.swift */; };
		03B062922428EB6E00CA657A /* TagsCollectionViewController.storyboard in Resources */ = {isa = PBXBuildFile; fileRef = 03B062912428EB6E00CA657A /* TagsCollectionViewController.storyboard */; };
		03B062942428EC3600CA657A /* TagCollectionViewCell.swift in Sources */ = {isa = PBXBuildFile; fileRef = 03B062932428EC3600CA657A /* TagCollectionViewCell.swift */; };
		03C1AF5F2481CAD300BB3487 /* Settings.swift in Sources */ = {isa = PBXBuildFile; fileRef = 03D2AC4A24321DB40082D4C9 /* Settings.swift */; };
		03C1AF602481CAEF00BB3487 /* Captcha.swift in Sources */ = {isa = PBXBuildFile; fileRef = 035EBA782426261C009185E9 /* Captcha.swift */; };
		03C1AF612481CAF500BB3487 /* UserInfo.swift in Sources */ = {isa = PBXBuildFile; fileRef = 038F7C91246E0DEE00D268BA /* UserInfo.swift */; };
		03C1AF622481CAFF00BB3487 /* Login.swift in Sources */ = {isa = PBXBuildFile; fileRef = 03A93323243BAFBB00A16E1B /* Login.swift */; };
		03C1AF632481CAFF00BB3487 /* Downloader.swift in Sources */ = {isa = PBXBuildFile; fileRef = 0388A0B624297C70006E86A3 /* Downloader.swift */; };
		03C1AF642481CB0300BB3487 /* User.swift in Sources */ = {isa = PBXBuildFile; fileRef = 038F7C96246E0DEE00D268BA /* User.swift */; };
		03C1AF652481CB0300BB3487 /* Badges.swift in Sources */ = {isa = PBXBuildFile; fileRef = 038F7C95246E0DEE00D268BA /* Badges.swift */; };
		03C1AF662481CB0300BB3487 /* CommentsLikes.swift in Sources */ = {isa = PBXBuildFile; fileRef = 038F7C93246E0DEE00D268BA /* CommentsLikes.swift */; };
		03C1AF672481CB0300BB3487 /* CollectionItem.swift in Sources */ = {isa = PBXBuildFile; fileRef = 038F7C92246E0DEE00D268BA /* CollectionItem.swift */; };
		03C1AF682481CB0300BB3487 /* ProfileComments.swift in Sources */ = {isa = PBXBuildFile; fileRef = 036D58852473372500982AB3 /* ProfileComments.swift */; };
		03C1AF692481CB0300BB3487 /* Uploads.swift in Sources */ = {isa = PBXBuildFile; fileRef = 038F7C94246E0DEE00D268BA /* Uploads.swift */; };
		03C1FA242427854600E6AEE4 /* NavigationController.swift in Sources */ = {isa = PBXBuildFile; fileRef = 03C1FA232427854600E6AEE4 /* NavigationController.swift */; };
		03C1FA2B2427D27600E6AEE4 /* UIViewController+Extension.swift in Sources */ = {isa = PBXBuildFile; fileRef = 03C1FA2A2427D27600E6AEE4 /* UIViewController+Extension.swift */; };
		03C6BDAC246DFB7A005983AB /* UserInfoViewModel.swift in Sources */ = {isa = PBXBuildFile; fileRef = 03C6BDAB246DFB7A005983AB /* UserInfoViewModel.swift */; };
		03D115FD2460BCD90096ECFD /* BadgeLabel.swift in Sources */ = {isa = PBXBuildFile; fileRef = 03D115FC2460BCD90096ECFD /* BadgeLabel.swift */; };
		03D115FF2461F3C00096ECFD /* ReplyViewController.swift in Sources */ = {isa = PBXBuildFile; fileRef = 03D115FE2461F3C00096ECFD /* ReplyViewController.swift */; };
		03D116012461F3CA0096ECFD /* ReplyViewController.storyboard in Resources */ = {isa = PBXBuildFile; fileRef = 03D116002461F3CA0096ECFD /* ReplyViewController.storyboard */; };
		03D2AC46243212A70082D4C9 /* FlagsViewController.swift in Sources */ = {isa = PBXBuildFile; fileRef = 03D2AC45243212A70082D4C9 /* FlagsViewController.swift */; };
		03D2AC48243212C40082D4C9 /* FlagsViewController.storyboard in Resources */ = {isa = PBXBuildFile; fileRef = 03D2AC47243212C40082D4C9 /* FlagsViewController.storyboard */; };
		03D2AC4B24321DB40082D4C9 /* Settings.swift in Sources */ = {isa = PBXBuildFile; fileRef = 03D2AC4A24321DB40082D4C9 /* Settings.swift */; };
		03D2AC50243264740082D4C9 /* With.swift in Sources */ = {isa = PBXBuildFile; fileRef = 03D2AC4D243264740082D4C9 /* With.swift */; };
		03D2AC51243264740082D4C9 /* UIWindow.swift in Sources */ = {isa = PBXBuildFile; fileRef = 03D2AC4E243264740082D4C9 /* UIWindow.swift */; };
		03D2AC52243264740082D4C9 /* Theme.swift in Sources */ = {isa = PBXBuildFile; fileRef = 03D2AC4F243264740082D4C9 /* Theme.swift */; };
		03D2AC542432649C0082D4C9 /* Appearance.swift in Sources */ = {isa = PBXBuildFile; fileRef = 03D2AC532432649C0082D4C9 /* Appearance.swift */; };
		03D4B02C2427EDF30041DCC9 /* DetailCollectionViewCell.swift in Sources */ = {isa = PBXBuildFile; fileRef = 03D4B02B2427EDF30041DCC9 /* DetailCollectionViewCell.swift */; };
		03D7F1A324831A610014190B /* BadgesCollectionViewController.swift in Sources */ = {isa = PBXBuildFile; fileRef = 03D7F1A224831A610014190B /* BadgesCollectionViewController.swift */; };
		03D7F1A524831A880014190B /* BadgesCollectionViewController.storyboard in Resources */ = {isa = PBXBuildFile; fileRef = 03D7F1A424831A880014190B /* BadgesCollectionViewController.storyboard */; };
		03D7F1A6248466890014190B /* UIViewController+Extension.swift in Sources */ = {isa = PBXBuildFile; fileRef = 03C1FA2A2427D27600E6AEE4 /* UIViewController+Extension.swift */; };
		03D7F1A92486E8B70014190B /* TVViewModel.swift in Sources */ = {isa = PBXBuildFile; fileRef = 03D7F1A72486E7840014190B /* TVViewModel.swift */; };
		03D7F1AA248712320014190B /* UserClassDotView.swift in Sources */ = {isa = PBXBuildFile; fileRef = 03F7605024714DC300E0A542 /* UserClassDotView.swift */; };
		03D7F1AB248712370014190B /* Colors.swift in Sources */ = {isa = PBXBuildFile; fileRef = 03F7604C247147B700E0A542 /* Colors.swift */; };
		03D7F1B024882FD00014190B /* StoryboardViewController.swift in Sources */ = {isa = PBXBuildFile; fileRef = 035EBA7C24262C7E009185E9 /* StoryboardViewController.swift */; };
		03D7F1B5248833EB0014190B /* TVCoordinator.swift in Sources */ = {isa = PBXBuildFile; fileRef = 03D7F1B3248833A80014190B /* TVCoordinator.swift */; };
		03D7F1B6248833F10014190B /* TVLoginViewController.swift in Sources */ = {isa = PBXBuildFile; fileRef = 03D7F1AC24882F650014190B /* TVLoginViewController.swift */; };
		03D7F1B7248833F80014190B /* TVLoginViewController.storyboard in Resources */ = {isa = PBXBuildFile; fileRef = 03D7F1B12488318C0014190B /* TVLoginViewController.storyboard */; };
		03D7F1B9248B0F250014190B /* Collections.swift in Sources */ = {isa = PBXBuildFile; fileRef = 03D7F1B8248B0F240014190B /* Collections.swift */; };
		03D7F1BA248B0F270014190B /* Collections.swift in Sources */ = {isa = PBXBuildFile; fileRef = 03D7F1B8248B0F240014190B /* Collections.swift */; };
		03DB228B246206C5007E6B31 /* SeparatorView.swift in Sources */ = {isa = PBXBuildFile; fileRef = 03DB228A246206C5007E6B31 /* SeparatorView.swift */; };
		03DB228D24647CFA007E6B31 /* PostsOverviewViewModel.swift in Sources */ = {isa = PBXBuildFile; fileRef = 03DB228C24647CFA007E6B31 /* PostsOverviewViewModel.swift */; };
		03DB22922466D5A8007E6B31 /* DataModel.xcdatamodeld in Sources */ = {isa = PBXBuildFile; fileRef = 03DB22902466D5A8007E6B31 /* DataModel.xcdatamodeld */; };
		03DB22952466DC91007E6B31 /* ActionsManager.swift in Sources */ = {isa = PBXBuildFile; fileRef = 03DB22942466DC91007E6B31 /* ActionsManager.swift */; };
		03DB2297246881D9007E6B31 /* SeenBadgeShowable.swift in Sources */ = {isa = PBXBuildFile; fileRef = 03DB2296246881D9007E6B31 /* SeenBadgeShowable.swift */; };
		03E7B50C2471E6560038277A /* MinScoreSliderHeaderView.swift in Sources */ = {isa = PBXBuildFile; fileRef = 03E7B50B2471E6560038277A /* MinScoreSliderHeaderView.swift */; };
		03E7B50E2471E6B70038277A /* MinScoreSliderHeaderView.xib in Resources */ = {isa = PBXBuildFile; fileRef = 03E7B50D2471E6B70038277A /* MinScoreSliderHeaderView.xib */; };
		03E7B5102471EC650038277A /* SearchViewModel.swift in Sources */ = {isa = PBXBuildFile; fileRef = 03E7B50F2471EC650038277A /* SearchViewModel.swift */; };
		03E83A192538DE2B009CD363 /* AsciiEmojiChooserTableViewController.swift in Sources */ = {isa = PBXBuildFile; fileRef = 03E83A182538DE2B009CD363 /* AsciiEmojiChooserTableViewController.swift */; };
		03E83A1D2538DE60009CD363 /* AsciiEmojiChooserTableViewController.storyboard in Resources */ = {isa = PBXBuildFile; fileRef = 03E83A1C2538DE60009CD363 /* AsciiEmojiChooserTableViewController.storyboard */; };
		03F7604D247147B700E0A542 /* Colors.swift in Sources */ = {isa = PBXBuildFile; fileRef = 03F7604C247147B700E0A542 /* Colors.swift */; };
		03F7604F2471489900E0A542 /* Strings.swift in Sources */ = {isa = PBXBuildFile; fileRef = 03F7604E2471489900E0A542 /* Strings.swift */; };
		03F7605124714DC300E0A542 /* UserClassDotView.swift in Sources */ = {isa = PBXBuildFile; fileRef = 03F7605024714DC300E0A542 /* UserClassDotView.swift */; };
		9F41A63FD0AD2BBEFBCBB0D8 /* Pods_Pr0gramm.framework in Frameworks */ = {isa = PBXBuildFile; fileRef = 55CDBC6EB3F96F0E3E6A68C0 /* Pods_Pr0gramm.framework */; };
/* End PBXBuildFile section */

/* Begin PBXFileReference section */
		03076A602059E80F00168E62 /* pr0gramm.app */ = {isa = PBXFileReference; explicitFileType = wrapper.application; includeInIndex = 0; path = pr0gramm.app; sourceTree = BUILT_PRODUCTS_DIR; };
		03076A632059E80F00168E62 /* AppDelegate.swift */ = {isa = PBXFileReference; lastKnownFileType = sourcecode.swift; path = AppDelegate.swift; sourceTree = "<group>"; };
		03076A652059E80F00168E62 /* UIImageView+Extension.swift */ = {isa = PBXFileReference; lastKnownFileType = sourcecode.swift; path = "UIImageView+Extension.swift"; sourceTree = "<group>"; };
		03076A682059E80F00168E62 /* Base */ = {isa = PBXFileReference; lastKnownFileType = file.storyboard; name = Base; path = Base.lproj/PostsOverviewCollectionViewController.storyboard; sourceTree = "<group>"; };
		03076A6A2059E80F00168E62 /* Assets.xcassets */ = {isa = PBXFileReference; lastKnownFileType = folder.assetcatalog; path = Assets.xcassets; sourceTree = "<group>"; };
		03076A6D2059E80F00168E62 /* Base */ = {isa = PBXFileReference; lastKnownFileType = file.storyboard; name = Base; path = Base.lproj/LaunchScreen.storyboard; sourceTree = "<group>"; };
		03076A6F2059E80F00168E62 /* Info.plist */ = {isa = PBXFileReference; lastKnownFileType = text.plist.xml; path = Info.plist; sourceTree = "<group>"; };
		03076A752059E8B800168E62 /* Item.swift */ = {isa = PBXFileReference; fileEncoding = 4; lastKnownFileType = sourcecode.swift; path = Item.swift; sourceTree = "<group>"; };
		03076A762059E8B800168E62 /* AllItems.swift */ = {isa = PBXFileReference; fileEncoding = 4; lastKnownFileType = sourcecode.swift; path = AllItems.swift; sourceTree = "<group>"; };
		03083426246C7D1500F6B6CE /* UserInfoViewController.swift */ = {isa = PBXFileReference; lastKnownFileType = sourcecode.swift; path = UserInfoViewController.swift; sourceTree = "<group>"; };
		03083428246C7D5D00F6B6CE /* UserInfoViewController.storyboard */ = {isa = PBXFileReference; lastKnownFileType = file.storyboard; path = UserInfoViewController.storyboard; sourceTree = "<group>"; };
		030CAF532440B76400D6885C /* CommentsViewController.swift */ = {isa = PBXFileReference; lastKnownFileType = sourcecode.swift; path = CommentsViewController.swift; sourceTree = "<group>"; };
		030CAF552440B76A00D6885C /* CommentsViewController.storyboard */ = {isa = PBXFileReference; lastKnownFileType = file.storyboard; path = CommentsViewController.storyboard; sourceTree = "<group>"; };
		030CAF5D2449183F00D6885C /* UIImage+Gif.swift */ = {isa = PBXFileReference; lastKnownFileType = sourcecode.swift; path = "UIImage+Gif.swift"; sourceTree = "<group>"; };
		030CAF60244CD75E00D6885C /* SettingsViewController.swift */ = {isa = PBXFileReference; lastKnownFileType = sourcecode.swift; path = SettingsViewController.swift; sourceTree = "<group>"; };
		030CAF62244CD7B600D6885C /* Podfile */ = {isa = PBXFileReference; lastKnownFileType = text; path = Podfile; sourceTree = "<group>"; xcLanguageSpecificationIdentifier = xcode.lang.ruby; };
		030CAF64244CD93D00D6885C /* ThemeSelectionCell.swift */ = {isa = PBXFileReference; fileEncoding = 4; lastKnownFileType = sourcecode.swift; path = ThemeSelectionCell.swift; sourceTree = "<group>"; };
		030CAF65244CD93D00D6885C /* ThemeSelectionCell.xib */ = {isa = PBXFileReference; fileEncoding = 4; lastKnownFileType = file.xib; path = ThemeSelectionCell.xib; sourceTree = "<group>"; };
		031EE82D2065C59B0030CA68 /* PR0GRAMM TV.app */ = {isa = PBXFileReference; explicitFileType = wrapper.application; includeInIndex = 0; path = "PR0GRAMM TV.app"; sourceTree = BUILT_PRODUCTS_DIR; };
		031EE82F2065C59B0030CA68 /* AppDelegate.swift */ = {isa = PBXFileReference; lastKnownFileType = sourcecode.swift; path = AppDelegate.swift; sourceTree = "<group>"; };
		031EE8312065C59B0030CA68 /* TVViewController.swift */ = {isa = PBXFileReference; lastKnownFileType = sourcecode.swift; path = TVViewController.swift; sourceTree = "<group>"; };
		031EE8342065C59B0030CA68 /* Pr0grammTV.xcdatamodel */ = {isa = PBXFileReference; lastKnownFileType = wrapper.xcdatamodel; path = Pr0grammTV.xcdatamodel; sourceTree = "<group>"; };
		031EE8372065C59B0030CA68 /* Base */ = {isa = PBXFileReference; lastKnownFileType = file.storyboard; name = Base; path = Base.lproj/TVViewController.storyboard; sourceTree = "<group>"; };
		031EE8392065C59B0030CA68 /* Assets.xcassets */ = {isa = PBXFileReference; lastKnownFileType = folder.assetcatalog; path = Assets.xcassets; sourceTree = "<group>"; };
		031EE83B2065C59B0030CA68 /* Info.plist */ = {isa = PBXFileReference; lastKnownFileType = text.plist.xml; path = Info.plist; sourceTree = "<group>"; };
		032E62FE243F8E9900FA6C00 /* DetailViewModel.swift */ = {isa = PBXFileReference; lastKnownFileType = sourcecode.swift; path = DetailViewModel.swift; sourceTree = "<group>"; };
		0331B2852427ED4D0040D1D1 /* DetailCollectionViewController.swift */ = {isa = PBXFileReference; lastKnownFileType = sourcecode.swift; path = DetailCollectionViewController.swift; sourceTree = "<group>"; };
		0331B2872427ED680040D1D1 /* DetailCollectionViewController.storyboard */ = {isa = PBXFileReference; lastKnownFileType = file.storyboard; path = DetailCollectionViewController.storyboard; sourceTree = "<group>"; };
		033CF1B5205BDBED00627321 /* PostsOverviewCollectionViewController.swift */ = {isa = PBXFileReference; lastKnownFileType = sourcecode.swift; path = PostsOverviewCollectionViewController.swift; sourceTree = "<group>"; };
		033CF1B7205BDC6B00627321 /* Pr0grammConnector.swift */ = {isa = PBXFileReference; lastKnownFileType = sourcecode.swift; path = Pr0grammConnector.swift; sourceTree = "<group>"; };
		033CF1B9205BDE1500627321 /* ThumbCollectionViewCell.swift */ = {isa = PBXFileReference; lastKnownFileType = sourcecode.swift; path = ThumbCollectionViewCell.swift; sourceTree = "<group>"; };
		033CF1BB205BE5AC00627321 /* DetailViewController.swift */ = {isa = PBXFileReference; lastKnownFileType = sourcecode.swift; path = DetailViewController.swift; sourceTree = "<group>"; };
		033CF1C0205BFF9A00627321 /* Comment.swift */ = {isa = PBXFileReference; fileEncoding = 4; lastKnownFileType = sourcecode.swift; path = Comment.swift; sourceTree = "<group>"; };
		033CF1C1205BFF9A00627321 /* Tags.swift */ = {isa = PBXFileReference; fileEncoding = 4; lastKnownFileType = sourcecode.swift; path = Tags.swift; sourceTree = "<group>"; };
		033CF1C4205C0F7400627321 /* ItemInfo.swift */ = {isa = PBXFileReference; fileEncoding = 4; lastKnownFileType = sourcecode.swift; path = ItemInfo.swift; sourceTree = "<group>"; };
		033CF1C6205ED95500627321 /* CommentCell.swift */ = {isa = PBXFileReference; lastKnownFileType = sourcecode.swift; path = CommentCell.swift; sourceTree = "<group>"; };
		033CF1CA205FCB4500627321 /* NibView.swift */ = {isa = PBXFileReference; fileEncoding = 4; lastKnownFileType = sourcecode.swift; path = NibView.swift; sourceTree = "<group>"; };
		03460AD6244F9ABE007F16DB /* SearchTableViewController.swift */ = {isa = PBXFileReference; lastKnownFileType = sourcecode.swift; path = SearchTableViewController.swift; sourceTree = "<group>"; };
		03460AD8244F9AEA007F16DB /* SearchTableViewController.storyboard */ = {isa = PBXFileReference; lastKnownFileType = file.storyboard; path = SearchTableViewController.storyboard; sourceTree = "<group>"; };
		0354AAED24311CE6009C35E0 /* DownloadedFilesTableViewController.swift */ = {isa = PBXFileReference; lastKnownFileType = sourcecode.swift; path = DownloadedFilesTableViewController.swift; sourceTree = "<group>"; };
		0354AAEF24311D08009C35E0 /* DownloadedFilesTableViewController.storyboard */ = {isa = PBXFileReference; lastKnownFileType = file.storyboard; path = DownloadedFilesTableViewController.storyboard; sourceTree = "<group>"; };
		0354AAF224312E37009C35E0 /* ImageDetailViewController.storyboard */ = {isa = PBXFileReference; lastKnownFileType = file.storyboard; path = ImageDetailViewController.storyboard; sourceTree = "<group>"; };
		0354AAF424312E52009C35E0 /* ImageDetailViewController.swift */ = {isa = PBXFileReference; lastKnownFileType = sourcecode.swift; path = ImageDetailViewController.swift; sourceTree = "<group>"; };
		035EBA782426261C009185E9 /* Captcha.swift */ = {isa = PBXFileReference; lastKnownFileType = sourcecode.swift; path = Captcha.swift; sourceTree = "<group>"; };
		035EBA7A24262C0B009185E9 /* LoginViewController.swift */ = {isa = PBXFileReference; lastKnownFileType = sourcecode.swift; path = LoginViewController.swift; sourceTree = "<group>"; };
		035EBA7C24262C7E009185E9 /* StoryboardViewController.swift */ = {isa = PBXFileReference; fileEncoding = 4; lastKnownFileType = sourcecode.swift; path = StoryboardViewController.swift; sourceTree = "<group>"; };
		035EBA7E24262CA3009185E9 /* LoginViewController.storyboard */ = {isa = PBXFileReference; lastKnownFileType = file.storyboard; path = LoginViewController.storyboard; sourceTree = "<group>"; };
		035EBA812426DA5E009185E9 /* Coordinator.swift */ = {isa = PBXFileReference; lastKnownFileType = sourcecode.swift; path = Coordinator.swift; sourceTree = "<group>"; };
		035EBA832427790C009185E9 /* DetailViewController.storyboard */ = {isa = PBXFileReference; lastKnownFileType = file.storyboard; path = DetailViewController.storyboard; sourceTree = "<group>"; };
		035F91DD2519FD9E00C2CF08 /* PostCountSelectionCell.swift */ = {isa = PBXFileReference; lastKnownFileType = sourcecode.swift; path = PostCountSelectionCell.swift; sourceTree = "<group>"; };
		035F91E12519FDBA00C2CF08 /* PostCountSelectionCell.xib */ = {isa = PBXFileReference; lastKnownFileType = file.xib; path = PostCountSelectionCell.xib; sourceTree = "<group>"; };
		036D58852473372500982AB3 /* ProfileComments.swift */ = {isa = PBXFileReference; lastKnownFileType = sourcecode.swift; path = ProfileComments.swift; sourceTree = "<group>"; };
		037A3F0924366F7800D68391 /* Pr0gramm.entitlements */ = {isa = PBXFileReference; lastKnownFileType = text.plist.entitlements; path = Pr0gramm.entitlements; sourceTree = "<group>"; };
		0388A0B424293BE0006E86A3 /* TapableImage+Video.swift */ = {isa = PBXFileReference; lastKnownFileType = sourcecode.swift; path = "TapableImage+Video.swift"; sourceTree = "<group>"; };
		0388A0B624297C70006E86A3 /* Downloader.swift */ = {isa = PBXFileReference; lastKnownFileType = sourcecode.swift; path = Downloader.swift; sourceTree = "<group>"; };
		0389C64E248D9F240053AE51 /* CollectionsTableViewController.swift */ = {isa = PBXFileReference; lastKnownFileType = sourcecode.swift; path = CollectionsTableViewController.swift; sourceTree = "<group>"; };
		0389C650248D9FD20053AE51 /* CollectionsTableViewController.storyboard */ = {isa = PBXFileReference; lastKnownFileType = file.storyboard; path = CollectionsTableViewController.storyboard; sourceTree = "<group>"; };
		038F7C91246E0DEE00D268BA /* UserInfo.swift */ = {isa = PBXFileReference; fileEncoding = 4; lastKnownFileType = sourcecode.swift; path = UserInfo.swift; sourceTree = "<group>"; };
		038F7C92246E0DEE00D268BA /* CollectionItem.swift */ = {isa = PBXFileReference; fileEncoding = 4; lastKnownFileType = sourcecode.swift; path = CollectionItem.swift; sourceTree = "<group>"; };
		038F7C93246E0DEE00D268BA /* CommentsLikes.swift */ = {isa = PBXFileReference; fileEncoding = 4; lastKnownFileType = sourcecode.swift; path = CommentsLikes.swift; sourceTree = "<group>"; };
		038F7C94246E0DEE00D268BA /* Uploads.swift */ = {isa = PBXFileReference; fileEncoding = 4; lastKnownFileType = sourcecode.swift; path = Uploads.swift; sourceTree = "<group>"; };
		038F7C95246E0DEE00D268BA /* Badges.swift */ = {isa = PBXFileReference; fileEncoding = 4; lastKnownFileType = sourcecode.swift; path = Badges.swift; sourceTree = "<group>"; };
		038F7C96246E0DEE00D268BA /* User.swift */ = {isa = PBXFileReference; fileEncoding = 4; lastKnownFileType = sourcecode.swift; path = User.swift; sourceTree = "<group>"; };
		03A93323243BAFBB00A16E1B /* Login.swift */ = {isa = PBXFileReference; fileEncoding = 4; lastKnownFileType = sourcecode.swift; path = Login.swift; sourceTree = "<group>"; };
		03A93325243BC82000A16E1B /* AlignedCollectionViewFlowLayout.swift */ = {isa = PBXFileReference; lastKnownFileType = sourcecode.swift; path = AlignedCollectionViewFlowLayout.swift; sourceTree = "<group>"; };
		03A93327243CEFE100A16E1B /* HapticFeedbackButton.swift */ = {isa = PBXFileReference; lastKnownFileType = sourcecode.swift; path = HapticFeedbackButton.swift; sourceTree = "<group>"; };
		03B062892428CFD600CA657A /* InfoView.xib */ = {isa = PBXFileReference; lastKnownFileType = file.xib; path = InfoView.xib; sourceTree = "<group>"; };
		03B0628B2428CFE100CA657A /* InfoView.swift */ = {isa = PBXFileReference; lastKnownFileType = sourcecode.swift; path = InfoView.swift; sourceTree = "<group>"; };
		03B0628D2428E9FF00CA657A /* TagsCollectionViewController.swift */ = {isa = PBXFileReference; lastKnownFileType = sourcecode.swift; path = TagsCollectionViewController.swift; sourceTree = "<group>"; };
		03B062912428EB6E00CA657A /* TagsCollectionViewController.storyboard */ = {isa = PBXFileReference; lastKnownFileType = file.storyboard; path = TagsCollectionViewController.storyboard; sourceTree = "<group>"; };
		03B062932428EC3600CA657A /* TagCollectionViewCell.swift */ = {isa = PBXFileReference; lastKnownFileType = sourcecode.swift; path = TagCollectionViewCell.swift; sourceTree = "<group>"; };
		03C1FA232427854600E6AEE4 /* NavigationController.swift */ = {isa = PBXFileReference; lastKnownFileType = sourcecode.swift; path = NavigationController.swift; sourceTree = "<group>"; };
		03C1FA2A2427D27600E6AEE4 /* UIViewController+Extension.swift */ = {isa = PBXFileReference; lastKnownFileType = sourcecode.swift; path = "UIViewController+Extension.swift"; sourceTree = "<group>"; };
		03C6BDAB246DFB7A005983AB /* UserInfoViewModel.swift */ = {isa = PBXFileReference; lastKnownFileType = sourcecode.swift; path = UserInfoViewModel.swift; sourceTree = "<group>"; };
		03D115FC2460BCD90096ECFD /* BadgeLabel.swift */ = {isa = PBXFileReference; lastKnownFileType = sourcecode.swift; path = BadgeLabel.swift; sourceTree = "<group>"; };
		03D115FE2461F3C00096ECFD /* ReplyViewController.swift */ = {isa = PBXFileReference; lastKnownFileType = sourcecode.swift; path = ReplyViewController.swift; sourceTree = "<group>"; };
		03D116002461F3CA0096ECFD /* ReplyViewController.storyboard */ = {isa = PBXFileReference; lastKnownFileType = file.storyboard; path = ReplyViewController.storyboard; sourceTree = "<group>"; };
		03D2AC45243212A70082D4C9 /* FlagsViewController.swift */ = {isa = PBXFileReference; lastKnownFileType = sourcecode.swift; path = FlagsViewController.swift; sourceTree = "<group>"; };
		03D2AC47243212C40082D4C9 /* FlagsViewController.storyboard */ = {isa = PBXFileReference; lastKnownFileType = file.storyboard; path = FlagsViewController.storyboard; sourceTree = "<group>"; };
		03D2AC4A24321DB40082D4C9 /* Settings.swift */ = {isa = PBXFileReference; lastKnownFileType = sourcecode.swift; path = Settings.swift; sourceTree = "<group>"; };
		03D2AC4D243264740082D4C9 /* With.swift */ = {isa = PBXFileReference; fileEncoding = 4; lastKnownFileType = sourcecode.swift; path = With.swift; sourceTree = "<group>"; };
		03D2AC4E243264740082D4C9 /* UIWindow.swift */ = {isa = PBXFileReference; fileEncoding = 4; lastKnownFileType = sourcecode.swift; path = UIWindow.swift; sourceTree = "<group>"; };
		03D2AC4F243264740082D4C9 /* Theme.swift */ = {isa = PBXFileReference; fileEncoding = 4; lastKnownFileType = sourcecode.swift; path = Theme.swift; sourceTree = "<group>"; };
		03D2AC532432649C0082D4C9 /* Appearance.swift */ = {isa = PBXFileReference; fileEncoding = 4; lastKnownFileType = sourcecode.swift; path = Appearance.swift; sourceTree = "<group>"; };
		03D4B02B2427EDF30041DCC9 /* DetailCollectionViewCell.swift */ = {isa = PBXFileReference; lastKnownFileType = sourcecode.swift; path = DetailCollectionViewCell.swift; sourceTree = "<group>"; };
		03D7F1A224831A610014190B /* BadgesCollectionViewController.swift */ = {isa = PBXFileReference; lastKnownFileType = sourcecode.swift; path = BadgesCollectionViewController.swift; sourceTree = "<group>"; };
		03D7F1A424831A880014190B /* BadgesCollectionViewController.storyboard */ = {isa = PBXFileReference; lastKnownFileType = file.storyboard; path = BadgesCollectionViewController.storyboard; sourceTree = "<group>"; };
		03D7F1A72486E7840014190B /* TVViewModel.swift */ = {isa = PBXFileReference; lastKnownFileType = sourcecode.swift; path = TVViewModel.swift; sourceTree = "<group>"; };
		03D7F1AC24882F650014190B /* TVLoginViewController.swift */ = {isa = PBXFileReference; lastKnownFileType = sourcecode.swift; path = TVLoginViewController.swift; sourceTree = "<group>"; };
		03D7F1B12488318C0014190B /* TVLoginViewController.storyboard */ = {isa = PBXFileReference; lastKnownFileType = file.storyboard; path = TVLoginViewController.storyboard; sourceTree = "<group>"; };
		03D7F1B3248833A80014190B /* TVCoordinator.swift */ = {isa = PBXFileReference; lastKnownFileType = sourcecode.swift; path = TVCoordinator.swift; sourceTree = "<group>"; };
		03D7F1B8248B0F240014190B /* Collections.swift */ = {isa = PBXFileReference; fileEncoding = 4; lastKnownFileType = sourcecode.swift; path = Collections.swift; sourceTree = "<group>"; };
		03DB228A246206C5007E6B31 /* SeparatorView.swift */ = {isa = PBXFileReference; lastKnownFileType = sourcecode.swift; path = SeparatorView.swift; sourceTree = "<group>"; };
		03DB228C24647CFA007E6B31 /* PostsOverviewViewModel.swift */ = {isa = PBXFileReference; lastKnownFileType = sourcecode.swift; path = PostsOverviewViewModel.swift; sourceTree = "<group>"; };
		03DB22912466D5A8007E6B31 /* DataModel.xcdatamodel */ = {isa = PBXFileReference; lastKnownFileType = wrapper.xcdatamodel; path = DataModel.xcdatamodel; sourceTree = "<group>"; };
		03DB22942466DC91007E6B31 /* ActionsManager.swift */ = {isa = PBXFileReference; lastKnownFileType = sourcecode.swift; path = ActionsManager.swift; sourceTree = "<group>"; };
		03DB2296246881D9007E6B31 /* SeenBadgeShowable.swift */ = {isa = PBXFileReference; lastKnownFileType = sourcecode.swift; path = SeenBadgeShowable.swift; sourceTree = "<group>"; };
		03E7B50B2471E6560038277A /* MinScoreSliderHeaderView.swift */ = {isa = PBXFileReference; lastKnownFileType = sourcecode.swift; path = MinScoreSliderHeaderView.swift; sourceTree = "<group>"; };
		03E7B50D2471E6B70038277A /* MinScoreSliderHeaderView.xib */ = {isa = PBXFileReference; lastKnownFileType = file.xib; path = MinScoreSliderHeaderView.xib; sourceTree = "<group>"; };
		03E7B50F2471EC650038277A /* SearchViewModel.swift */ = {isa = PBXFileReference; lastKnownFileType = sourcecode.swift; path = SearchViewModel.swift; sourceTree = "<group>"; };
		03E83A182538DE2B009CD363 /* AsciiEmojiChooserTableViewController.swift */ = {isa = PBXFileReference; lastKnownFileType = sourcecode.swift; path = AsciiEmojiChooserTableViewController.swift; sourceTree = "<group>"; };
		03E83A1C2538DE60009CD363 /* AsciiEmojiChooserTableViewController.storyboard */ = {isa = PBXFileReference; lastKnownFileType = file.storyboard; path = AsciiEmojiChooserTableViewController.storyboard; sourceTree = "<group>"; };
		03F7604C247147B700E0A542 /* Colors.swift */ = {isa = PBXFileReference; lastKnownFileType = sourcecode.swift; path = Colors.swift; sourceTree = "<group>"; };
		03F7604E2471489900E0A542 /* Strings.swift */ = {isa = PBXFileReference; lastKnownFileType = sourcecode.swift; path = Strings.swift; sourceTree = "<group>"; };
		03F7605024714DC300E0A542 /* UserClassDotView.swift */ = {isa = PBXFileReference; lastKnownFileType = sourcecode.swift; path = UserClassDotView.swift; sourceTree = "<group>"; };
		55CDBC6EB3F96F0E3E6A68C0 /* Pods_Pr0gramm.framework */ = {isa = PBXFileReference; explicitFileType = wrapper.framework; includeInIndex = 0; path = Pods_Pr0gramm.framework; sourceTree = BUILT_PRODUCTS_DIR; };
		B8B6109EB9DAB3D7BC6F488C /* Pods-Pr0gramm.release.xcconfig */ = {isa = PBXFileReference; includeInIndex = 1; lastKnownFileType = text.xcconfig; name = "Pods-Pr0gramm.release.xcconfig"; path = "Target Support Files/Pods-Pr0gramm/Pods-Pr0gramm.release.xcconfig"; sourceTree = "<group>"; };
		CF40EF03453B6FC2E81BF011 /* Pods-Pr0gramm.debug.xcconfig */ = {isa = PBXFileReference; includeInIndex = 1; lastKnownFileType = text.xcconfig; name = "Pods-Pr0gramm.debug.xcconfig"; path = "Target Support Files/Pods-Pr0gramm/Pods-Pr0gramm.debug.xcconfig"; sourceTree = "<group>"; };
/* End PBXFileReference section */

/* Begin PBXFrameworksBuildPhase section */
		03076A5D2059E80F00168E62 /* Frameworks */ = {
			isa = PBXFrameworksBuildPhase;
			buildActionMask = 2147483647;
			files = (
				9F41A63FD0AD2BBEFBCBB0D8 /* Pods_Pr0gramm.framework in Frameworks */,
			);
			runOnlyForDeploymentPostprocessing = 0;
		};
		031EE82A2065C59B0030CA68 /* Frameworks */ = {
			isa = PBXFrameworksBuildPhase;
			buildActionMask = 2147483647;
			files = (
			);
			runOnlyForDeploymentPostprocessing = 0;
		};
/* End PBXFrameworksBuildPhase section */

/* Begin PBXGroup section */
		03076A572059E80F00168E62 = {
			isa = PBXGroup;
			children = (
				030CAF62244CD7B600D6885C /* Podfile */,
				03076A622059E80F00168E62 /* Pr0gramm */,
				031EE82E2065C59B0030CA68 /* Pr0grammTV */,
				03076A612059E80F00168E62 /* Products */,
				41D1267FFB34B8376D19F7A2 /* Pods */,
				2CBFB2BFB4CB393713D25893 /* Frameworks */,
			);
			sourceTree = "<group>";
		};
		03076A612059E80F00168E62 /* Products */ = {
			isa = PBXGroup;
			children = (
				03076A602059E80F00168E62 /* pr0gramm.app */,
				031EE82D2065C59B0030CA68 /* PR0GRAMM TV.app */,
			);
			name = Products;
			sourceTree = "<group>";
		};
		03076A622059E80F00168E62 /* Pr0gramm */ = {
			isa = PBXGroup;
			children = (
				037A3F0924366F7800D68391 /* Pr0gramm.entitlements */,
				03DB22902466D5A8007E6B31 /* DataModel.xcdatamodeld */,
				03076A632059E80F00168E62 /* AppDelegate.swift */,
				03DB22942466DC91007E6B31 /* ActionsManager.swift */,
				035EBA812426DA5E009185E9 /* Coordinator.swift */,
				03C1FA232427854600E6AEE4 /* NavigationController.swift */,
				03D2AC4A24321DB40082D4C9 /* Settings.swift */,
				030CAF60244CD75E00D6885C /* SettingsViewController.swift */,
				030CAF64244CD93D00D6885C /* ThemeSelectionCell.swift */,
				030CAF65244CD93D00D6885C /* ThemeSelectionCell.xib */,
				035F91DD2519FD9E00C2CF08 /* PostCountSelectionCell.swift */,
				035F91E12519FDBA00C2CF08 /* PostCountSelectionCell.xib */,
				033CF1BD205BFD2A00627321 /* Main */,
				033CF1BE205BFD3200627321 /* Detail */,
				0354AAF12431287A009C35E0 /* DownloadedFiles */,
				03460ADA244F9B16007F16DB /* Search */,
				033CF1BF205BFD3A00627321 /* API */,
				030CAF5F244CD72000D6885C /* Misc */,
				03076A6A2059E80F00168E62 /* Assets.xcassets */,
				03076A6C2059E80F00168E62 /* LaunchScreen.storyboard */,
				03076A6F2059E80F00168E62 /* Info.plist */,
			);
			path = Pr0gramm;
			sourceTree = "<group>";
		};
		03083424246C78D000F6B6CE /* UserInfo */ = {
			isa = PBXGroup;
			children = (
				038F7C91246E0DEE00D268BA /* UserInfo.swift */,
				038F7C96246E0DEE00D268BA /* User.swift */,
				038F7C95246E0DEE00D268BA /* Badges.swift */,
				038F7C93246E0DEE00D268BA /* CommentsLikes.swift */,
				038F7C92246E0DEE00D268BA /* CollectionItem.swift */,
				036D58852473372500982AB3 /* ProfileComments.swift */,
				03D7F1B8248B0F240014190B /* Collections.swift */,
				038F7C94246E0DEE00D268BA /* Uploads.swift */,
			);
			path = UserInfo;
			sourceTree = "<group>";
		};
		030CAF502440B70700D6885C /* InfoView */ = {
			isa = PBXGroup;
			children = (
				03B0628B2428CFE100CA657A /* InfoView.swift */,
				03B062892428CFD600CA657A /* InfoView.xib */,
			);
			path = InfoView;
			sourceTree = "<group>";
		};
		030CAF512440B71300D6885C /* Tags */ = {
			isa = PBXGroup;
			children = (
				03B0628D2428E9FF00CA657A /* TagsCollectionViewController.swift */,
				03B062912428EB6E00CA657A /* TagsCollectionViewController.storyboard */,
				03B062932428EC3600CA657A /* TagCollectionViewCell.swift */,
				03A93325243BC82000A16E1B /* AlignedCollectionViewFlowLayout.swift */,
			);
			path = Tags;
			sourceTree = "<group>";
		};
		030CAF522440B72300D6885C /* Comments */ = {
			isa = PBXGroup;
			children = (
				033CF1C6205ED95500627321 /* CommentCell.swift */,
				030CAF532440B76400D6885C /* CommentsViewController.swift */,
				030CAF552440B76A00D6885C /* CommentsViewController.storyboard */,
				03D115FC2460BCD90096ECFD /* BadgeLabel.swift */,
				03D115FE2461F3C00096ECFD /* ReplyViewController.swift */,
				03D116002461F3CA0096ECFD /* ReplyViewController.storyboard */,
				03E83A182538DE2B009CD363 /* AsciiEmojiChooserTableViewController.swift */,
				03E83A1C2538DE60009CD363 /* AsciiEmojiChooserTableViewController.storyboard */,
				03DB228A246206C5007E6B31 /* SeparatorView.swift */,
			);
			path = Comments;
			sourceTree = "<group>";
		};
		030CAF5F244CD72000D6885C /* Misc */ = {
			isa = PBXGroup;
			children = (
				03076A652059E80F00168E62 /* UIImageView+Extension.swift */,
				030CAF5D2449183F00D6885C /* UIImage+Gif.swift */,
				03A93327243CEFE100A16E1B /* HapticFeedbackButton.swift */,
				03D2AC4F243264740082D4C9 /* Theme.swift */,
				03D2AC4E243264740082D4C9 /* UIWindow.swift */,
				03D2AC532432649C0082D4C9 /* Appearance.swift */,
				03D2AC4D243264740082D4C9 /* With.swift */,
				03C1FA2A2427D27600E6AEE4 /* UIViewController+Extension.swift */,
				035EBA7C24262C7E009185E9 /* StoryboardViewController.swift */,
				033CF1CA205FCB4500627321 /* NibView.swift */,
				03DB2296246881D9007E6B31 /* SeenBadgeShowable.swift */,
				03F7604C247147B700E0A542 /* Colors.swift */,
				03F7604E2471489900E0A542 /* Strings.swift */,
			);
			path = Misc;
			sourceTree = "<group>";
		};
		031EE82E2065C59B0030CA68 /* Pr0grammTV */ = {
			isa = PBXGroup;
			children = (
				031EE82F2065C59B0030CA68 /* AppDelegate.swift */,
				03D7F1B3248833A80014190B /* TVCoordinator.swift */,
				03D7F1AC24882F650014190B /* TVLoginViewController.swift */,
				03D7F1B12488318C0014190B /* TVLoginViewController.storyboard */,
				031EE8312065C59B0030CA68 /* TVViewController.swift */,
				031EE8362065C59B0030CA68 /* TVViewController.storyboard */,
				03D7F1A72486E7840014190B /* TVViewModel.swift */,
				031EE8392065C59B0030CA68 /* Assets.xcassets */,
				031EE83B2065C59B0030CA68 /* Info.plist */,
				031EE8332065C59B0030CA68 /* Pr0grammTV.xcdatamodeld */,
			);
			path = Pr0grammTV;
			sourceTree = "<group>";
		};
		033CF1BD205BFD2A00627321 /* Main */ = {
			isa = PBXGroup;
			children = (
				035EBA7A24262C0B009185E9 /* LoginViewController.swift */,
				035EBA7E24262CA3009185E9 /* LoginViewController.storyboard */,
				03DB228C24647CFA007E6B31 /* PostsOverviewViewModel.swift */,
				033CF1B5205BDBED00627321 /* PostsOverviewCollectionViewController.swift */,
				03076A672059E80F00168E62 /* PostsOverviewCollectionViewController.storyboard */,
				033CF1B9205BDE1500627321 /* ThumbCollectionViewCell.swift */,
				03D2AC45243212A70082D4C9 /* FlagsViewController.swift */,
				03D2AC47243212C40082D4C9 /* FlagsViewController.storyboard */,
				0389C64D248D9ED80053AE51 /* User */,
			);
			path = Main;
			sourceTree = "<group>";
		};
		033CF1BE205BFD3200627321 /* Detail */ = {
			isa = PBXGroup;
			children = (
				0331B2852427ED4D0040D1D1 /* DetailCollectionViewController.swift */,
				0331B2872427ED680040D1D1 /* DetailCollectionViewController.storyboard */,
				03D4B02B2427EDF30041DCC9 /* DetailCollectionViewCell.swift */,
				032E62FE243F8E9900FA6C00 /* DetailViewModel.swift */,
				033CF1BB205BE5AC00627321 /* DetailViewController.swift */,
				035EBA832427790C009185E9 /* DetailViewController.storyboard */,
				030CAF502440B70700D6885C /* InfoView */,
				030CAF512440B71300D6885C /* Tags */,
				030CAF522440B72300D6885C /* Comments */,
				0388A0B424293BE0006E86A3 /* TapableImage+Video.swift */,
				0354AAF424312E52009C35E0 /* ImageDetailViewController.swift */,
				0354AAF224312E37009C35E0 /* ImageDetailViewController.storyboard */,
			);
			path = Detail;
			sourceTree = "<group>";
		};
		033CF1BF205BFD3A00627321 /* API */ = {
			isa = PBXGroup;
			children = (
				033CF1B7205BDC6B00627321 /* Pr0grammConnector.swift */,
				035EBA782426261C009185E9 /* Captcha.swift */,
				03076A762059E8B800168E62 /* AllItems.swift */,
				03076A752059E8B800168E62 /* Item.swift */,
				033CF1C4205C0F7400627321 /* ItemInfo.swift */,
				033CF1C0205BFF9A00627321 /* Comment.swift */,
				033CF1C1205BFF9A00627321 /* Tags.swift */,
				03A93323243BAFBB00A16E1B /* Login.swift */,
				0388A0B624297C70006E86A3 /* Downloader.swift */,
				03083424246C78D000F6B6CE /* UserInfo */,
			);
			path = API;
			sourceTree = "<group>";
		};
		03460ADA244F9B16007F16DB /* Search */ = {
			isa = PBXGroup;
			children = (
				03E7B50F2471EC650038277A /* SearchViewModel.swift */,
				03460AD6244F9ABE007F16DB /* SearchTableViewController.swift */,
				03460AD8244F9AEA007F16DB /* SearchTableViewController.storyboard */,
				03E7B50B2471E6560038277A /* MinScoreSliderHeaderView.swift */,
				03E7B50D2471E6B70038277A /* MinScoreSliderHeaderView.xib */,
			);
			path = Search;
			sourceTree = "<group>";
		};
		0354AAF12431287A009C35E0 /* DownloadedFiles */ = {
			isa = PBXGroup;
			children = (
				0354AAED24311CE6009C35E0 /* DownloadedFilesTableViewController.swift */,
				0354AAEF24311D08009C35E0 /* DownloadedFilesTableViewController.storyboard */,
			);
			path = DownloadedFiles;
			sourceTree = "<group>";
		};
		0389C64D248D9ED80053AE51 /* User */ = {
			isa = PBXGroup;
			children = (
				03C6BDAB246DFB7A005983AB /* UserInfoViewModel.swift */,
				03083426246C7D1500F6B6CE /* UserInfoViewController.swift */,
				03083428246C7D5D00F6B6CE /* UserInfoViewController.storyboard */,
				03F7605024714DC300E0A542 /* UserClassDotView.swift */,
				03D7F1A224831A610014190B /* BadgesCollectionViewController.swift */,
				03D7F1A424831A880014190B /* BadgesCollectionViewController.storyboard */,
				0389C64E248D9F240053AE51 /* CollectionsTableViewController.swift */,
				0389C650248D9FD20053AE51 /* CollectionsTableViewController.storyboard */,
			);
			path = User;
			sourceTree = "<group>";
		};
		2CBFB2BFB4CB393713D25893 /* Frameworks */ = {
			isa = PBXGroup;
			children = (
				55CDBC6EB3F96F0E3E6A68C0 /* Pods_Pr0gramm.framework */,
			);
			name = Frameworks;
			sourceTree = "<group>";
		};
		41D1267FFB34B8376D19F7A2 /* Pods */ = {
			isa = PBXGroup;
			children = (
				CF40EF03453B6FC2E81BF011 /* Pods-Pr0gramm.debug.xcconfig */,
				B8B6109EB9DAB3D7BC6F488C /* Pods-Pr0gramm.release.xcconfig */,
			);
			path = Pods;
			sourceTree = "<group>";
		};
/* End PBXGroup section */

/* Begin PBXNativeTarget section */
		03076A5F2059E80F00168E62 /* Pr0gramm */ = {
			isa = PBXNativeTarget;
			buildConfigurationList = 03076A722059E80F00168E62 /* Build configuration list for PBXNativeTarget "Pr0gramm" */;
			buildPhases = (
				3261192917A63495B365694F /* [CP] Check Pods Manifest.lock */,
				03076A5C2059E80F00168E62 /* Sources */,
				03076A5D2059E80F00168E62 /* Frameworks */,
				03076A5E2059E80F00168E62 /* Resources */,
				1D98B46F8362373647148E25 /* [CP] Embed Pods Frameworks */,
			);
			buildRules = (
			);
			dependencies = (
			);
			name = Pr0gramm;
			productName = Pr0gramm;
			productReference = 03076A602059E80F00168E62 /* pr0gramm.app */;
			productType = "com.apple.product-type.application";
		};
		031EE82C2065C59B0030CA68 /* PR0GRAMM TV */ = {
			isa = PBXNativeTarget;
			buildConfigurationList = 031EE83E2065C59B0030CA68 /* Build configuration list for PBXNativeTarget "PR0GRAMM TV" */;
			buildPhases = (
				031EE8292065C59B0030CA68 /* Sources */,
				031EE82A2065C59B0030CA68 /* Frameworks */,
				031EE82B2065C59B0030CA68 /* Resources */,
			);
			buildRules = (
			);
			dependencies = (
			);
			name = "PR0GRAMM TV";
			productName = Pr0grammTV;
			productReference = 031EE82D2065C59B0030CA68 /* PR0GRAMM TV.app */;
			productType = "com.apple.product-type.application";
		};
/* End PBXNativeTarget section */

/* Begin PBXProject section */
		03076A582059E80F00168E62 /* Project object */ = {
			isa = PBXProject;
			attributes = {
				LastSwiftUpdateCheck = 0920;
				LastUpgradeCheck = 1130;
				ORGANIZATIONNAME = "";
				TargetAttributes = {
					03076A5F2059E80F00168E62 = {
						CreatedOnToolsVersion = 9.2;
						LastSwiftMigration = 1130;
						ProvisioningStyle = Automatic;
					};
					031EE82C2065C59B0030CA68 = {
						CreatedOnToolsVersion = 9.2;
						ProvisioningStyle = Automatic;
					};
				};
			};
			buildConfigurationList = 03076A5B2059E80F00168E62 /* Build configuration list for PBXProject "Pr0gramm" */;
			compatibilityVersion = "Xcode 8.0";
			developmentRegion = en;
			hasScannedForEncodings = 0;
			knownRegions = (
				en,
				Base,
			);
			mainGroup = 03076A572059E80F00168E62;
			productRefGroup = 03076A612059E80F00168E62 /* Products */;
			projectDirPath = "";
			projectRoot = "";
			targets = (
				03076A5F2059E80F00168E62 /* Pr0gramm */,
				031EE82C2065C59B0030CA68 /* PR0GRAMM TV */,
			);
		};
/* End PBXProject section */

/* Begin PBXResourcesBuildPhase section */
		03076A5E2059E80F00168E62 /* Resources */ = {
			isa = PBXResourcesBuildPhase;
			buildActionMask = 2147483647;
			files = (
				03E7B50E2471E6B70038277A /* MinScoreSliderHeaderView.xib in Resources */,
				03E83A1D2538DE60009CD363 /* AsciiEmojiChooserTableViewController.storyboard in Resources */,
				03D116012461F3CA0096ECFD /* ReplyViewController.storyboard in Resources */,
				0354AAF024311D08009C35E0 /* DownloadedFilesTableViewController.storyboard in Resources */,
				03076A6E2059E80F00168E62 /* LaunchScreen.storyboard in Resources */,
				03460AD9244F9AEA007F16DB /* SearchTableViewController.storyboard in Resources */,
				03076A6B2059E80F00168E62 /* Assets.xcassets in Resources */,
				030CAF562440B76A00D6885C /* CommentsViewController.storyboard in Resources */,
				03D7F1A524831A880014190B /* BadgesCollectionViewController.storyboard in Resources */,
				03083429246C7D5D00F6B6CE /* UserInfoViewController.storyboard in Resources */,
				0354AAF324312E37009C35E0 /* ImageDetailViewController.storyboard in Resources */,
				030CAF67244CD93D00D6885C /* ThemeSelectionCell.xib in Resources */,
				03D2AC48243212C40082D4C9 /* FlagsViewController.storyboard in Resources */,
				035F91E22519FDBA00C2CF08 /* PostCountSelectionCell.xib in Resources */,
				03B0628A2428CFD600CA657A /* InfoView.xib in Resources */,
				0389C651248D9FD20053AE51 /* CollectionsTableViewController.storyboard in Resources */,
				035EBA7F24262CA3009185E9 /* LoginViewController.storyboard in Resources */,
				035EBA842427790C009185E9 /* DetailViewController.storyboard in Resources */,
				03B062922428EB6E00CA657A /* TagsCollectionViewController.storyboard in Resources */,
				0331B2882427ED680040D1D1 /* DetailCollectionViewController.storyboard in Resources */,
				03076A692059E80F00168E62 /* PostsOverviewCollectionViewController.storyboard in Resources */,
			);
			runOnlyForDeploymentPostprocessing = 0;
		};
		031EE82B2065C59B0030CA68 /* Resources */ = {
			isa = PBXResourcesBuildPhase;
			buildActionMask = 2147483647;
			files = (
				03D7F1B7248833F80014190B /* TVLoginViewController.storyboard in Resources */,
				031EE83A2065C59B0030CA68 /* Assets.xcassets in Resources */,
				031EE8382065C59B0030CA68 /* TVViewController.storyboard in Resources */,
			);
			runOnlyForDeploymentPostprocessing = 0;
		};
/* End PBXResourcesBuildPhase section */

/* Begin PBXShellScriptBuildPhase section */
		1D98B46F8362373647148E25 /* [CP] Embed Pods Frameworks */ = {
			isa = PBXShellScriptBuildPhase;
			buildActionMask = 2147483647;
			files = (
			);
			inputPaths = (
				"${PODS_ROOT}/Target Support Files/Pods-Pr0gramm/Pods-Pr0gramm-frameworks.sh",
				"${BUILT_PRODUCTS_DIR}/Bond/Bond.framework",
				"${BUILT_PRODUCTS_DIR}/Differ/Differ.framework",
				"${BUILT_PRODUCTS_DIR}/ImageScrollView/ImageScrollView.framework",
				"${BUILT_PRODUCTS_DIR}/ReactiveKit/ReactiveKit.framework",
				"${BUILT_PRODUCTS_DIR}/ScrollingContentViewController/ScrollingContentViewController.framework",
				"${BUILT_PRODUCTS_DIR}/Static/Static.framework",
			);
			name = "[CP] Embed Pods Frameworks";
			outputPaths = (
				"${TARGET_BUILD_DIR}/${FRAMEWORKS_FOLDER_PATH}/Bond.framework",
				"${TARGET_BUILD_DIR}/${FRAMEWORKS_FOLDER_PATH}/Differ.framework",
				"${TARGET_BUILD_DIR}/${FRAMEWORKS_FOLDER_PATH}/ImageScrollView.framework",
				"${TARGET_BUILD_DIR}/${FRAMEWORKS_FOLDER_PATH}/ReactiveKit.framework",
				"${TARGET_BUILD_DIR}/${FRAMEWORKS_FOLDER_PATH}/ScrollingContentViewController.framework",
				"${TARGET_BUILD_DIR}/${FRAMEWORKS_FOLDER_PATH}/Static.framework",
			);
			runOnlyForDeploymentPostprocessing = 0;
			shellPath = /bin/sh;
			shellScript = "\"${PODS_ROOT}/Target Support Files/Pods-Pr0gramm/Pods-Pr0gramm-frameworks.sh\"\n";
			showEnvVarsInLog = 0;
		};
		3261192917A63495B365694F /* [CP] Check Pods Manifest.lock */ = {
			isa = PBXShellScriptBuildPhase;
			buildActionMask = 2147483647;
			files = (
			);
			inputFileListPaths = (
			);
			inputPaths = (
				"${PODS_PODFILE_DIR_PATH}/Podfile.lock",
				"${PODS_ROOT}/Manifest.lock",
			);
			name = "[CP] Check Pods Manifest.lock";
			outputFileListPaths = (
			);
			outputPaths = (
				"$(DERIVED_FILE_DIR)/Pods-Pr0gramm-checkManifestLockResult.txt",
			);
			runOnlyForDeploymentPostprocessing = 0;
			shellPath = /bin/sh;
			shellScript = "diff \"${PODS_PODFILE_DIR_PATH}/Podfile.lock\" \"${PODS_ROOT}/Manifest.lock\" > /dev/null\nif [ $? != 0 ] ; then\n    # print error to STDERR\n    echo \"error: The sandbox is not in sync with the Podfile.lock. Run 'pod install' or update your CocoaPods installation.\" >&2\n    exit 1\nfi\n# This output is used by Xcode 'outputs' to avoid re-running this script phase.\necho \"SUCCESS\" > \"${SCRIPT_OUTPUT_FILE_0}\"\n";
			showEnvVarsInLog = 0;
		};
/* End PBXShellScriptBuildPhase section */

/* Begin PBXSourcesBuildPhase section */
		03076A5C2059E80F00168E62 /* Sources */ = {
			isa = PBXSourcesBuildPhase;
			buildActionMask = 2147483647;
			files = (
				03083427246C7D1500F6B6CE /* UserInfoViewController.swift in Sources */,
				03F7604D247147B700E0A542 /* Colors.swift in Sources */,
				03076A662059E80F00168E62 /* UIImageView+Extension.swift in Sources */,
				03D2AC50243264740082D4C9 /* With.swift in Sources */,
				030CAF66244CD93D00D6885C /* ThemeSelectionCell.swift in Sources */,
				030CAF542440B76400D6885C /* CommentsViewController.swift in Sources */,
				035EBA7D24262C7E009185E9 /* StoryboardViewController.swift in Sources */,
				038F7C98246E0DEE00D268BA /* CollectionItem.swift in Sources */,
				035F91DE2519FD9E00C2CF08 /* PostCountSelectionCell.swift in Sources */,
				0388A0B524293BE0006E86A3 /* TapableImage+Video.swift in Sources */,
				038F7C9C246E0DEE00D268BA /* User.swift in Sources */,
				03B062942428EC3600CA657A /* TagCollectionViewCell.swift in Sources */,
				033CF1B6205BDBED00627321 /* PostsOverviewCollectionViewController.swift in Sources */,
				030CAF61244CD75E00D6885C /* SettingsViewController.swift in Sources */,
				03DB22922466D5A8007E6B31 /* DataModel.xcdatamodeld in Sources */,
				033CF1C2205BFF9A00627321 /* Comment.swift in Sources */,
				032E62FF243F8E9900FA6C00 /* DetailViewModel.swift in Sources */,
				03C6BDAC246DFB7A005983AB /* UserInfoViewModel.swift in Sources */,
				035EBA7B24262C0B009185E9 /* LoginViewController.swift in Sources */,
				0389C64F248D9F240053AE51 /* CollectionsTableViewController.swift in Sources */,
				03E7B5102471EC650038277A /* SearchViewModel.swift in Sources */,
				03C1FA2B2427D27600E6AEE4 /* UIViewController+Extension.swift in Sources */,
				03F7604F2471489900E0A542 /* Strings.swift in Sources */,
				03D7F1B9248B0F250014190B /* Collections.swift in Sources */,
				033CF1BA205BDE1500627321 /* ThumbCollectionViewCell.swift in Sources */,
				035EBA792426261C009185E9 /* Captcha.swift in Sources */,
				03F7605124714DC300E0A542 /* UserClassDotView.swift in Sources */,
				033CF1C5205C0F7400627321 /* ItemInfo.swift in Sources */,
				03076A782059E8B900168E62 /* AllItems.swift in Sources */,
				03B0628E2428E9FF00CA657A /* TagsCollectionViewController.swift in Sources */,
				03D115FF2461F3C00096ECFD /* ReplyViewController.swift in Sources */,
				03DB228D24647CFA007E6B31 /* PostsOverviewViewModel.swift in Sources */,
				03D2AC51243264740082D4C9 /* UIWindow.swift in Sources */,
				036D58862473372500982AB3 /* ProfileComments.swift in Sources */,
				038F7C9A246E0DEE00D268BA /* Uploads.swift in Sources */,
				03A93328243CEFE100A16E1B /* HapticFeedbackButton.swift in Sources */,
				0354AAEE24311CE6009C35E0 /* DownloadedFilesTableViewController.swift in Sources */,
				03D4B02C2427EDF30041DCC9 /* DetailCollectionViewCell.swift in Sources */,
				033CF1C7205ED95500627321 /* CommentCell.swift in Sources */,
				035EBA822426DA5E009185E9 /* Coordinator.swift in Sources */,
				03C1FA242427854600E6AEE4 /* NavigationController.swift in Sources */,
				03B0628C2428CFE100CA657A /* InfoView.swift in Sources */,
				03E7B50C2471E6560038277A /* MinScoreSliderHeaderView.swift in Sources */,
				03076A772059E8B900168E62 /* Item.swift in Sources */,
				03A93324243BAFBB00A16E1B /* Login.swift in Sources */,
				03D2AC4B24321DB40082D4C9 /* Settings.swift in Sources */,
				03076A642059E80F00168E62 /* AppDelegate.swift in Sources */,
				03D2AC542432649C0082D4C9 /* Appearance.swift in Sources */,
				03D2AC46243212A70082D4C9 /* FlagsViewController.swift in Sources */,
				0331B2862427ED4D0040D1D1 /* DetailCollectionViewController.swift in Sources */,
				033CF1B8205BDC6B00627321 /* Pr0grammConnector.swift in Sources */,
				03A93326243BC82000A16E1B /* AlignedCollectionViewFlowLayout.swift in Sources */,
				0388A0B724297C70006E86A3 /* Downloader.swift in Sources */,
				030CAF5E2449183F00D6885C /* UIImage+Gif.swift in Sources */,
				03D115FD2460BCD90096ECFD /* BadgeLabel.swift in Sources */,
				033CF1CB205FCB4500627321 /* NibView.swift in Sources */,
				03DB22952466DC91007E6B31 /* ActionsManager.swift in Sources */,
				03DB228B246206C5007E6B31 /* SeparatorView.swift in Sources */,
				038F7C97246E0DEE00D268BA /* UserInfo.swift in Sources */,
				03D7F1A324831A610014190B /* BadgesCollectionViewController.swift in Sources */,
				038F7C9B246E0DEE00D268BA /* Badges.swift in Sources */,
				0354AAF524312E52009C35E0 /* ImageDetailViewController.swift in Sources */,
				033CF1C3205BFF9A00627321 /* Tags.swift in Sources */,
				033CF1BC205BE5AC00627321 /* DetailViewController.swift in Sources */,
				03460AD7244F9ABE007F16DB /* SearchTableViewController.swift in Sources */,
				03D2AC52243264740082D4C9 /* Theme.swift in Sources */,
				03DB2297246881D9007E6B31 /* SeenBadgeShowable.swift in Sources */,
				038F7C99246E0DEE00D268BA /* CommentsLikes.swift in Sources */,
				03E83A192538DE2B009CD363 /* AsciiEmojiChooserTableViewController.swift in Sources */,
			);
			runOnlyForDeploymentPostprocessing = 0;
		};
		031EE8292065C59B0030CA68 /* Sources */ = {
			isa = PBXSourcesBuildPhase;
			buildActionMask = 2147483647;
			files = (
				03D7F1B024882FD00014190B /* StoryboardViewController.swift in Sources */,
				03D7F1AA248712320014190B /* UserClassDotView.swift in Sources */,
				03D7F1AB248712370014190B /* Colors.swift in Sources */,
				03C1AF692481CB0300BB3487 /* Uploads.swift in Sources */,
				031EE8402065C5B10030CA68 /* AllItems.swift in Sources */,
				03C1AF682481CB0300BB3487 /* ProfileComments.swift in Sources */,
				03C1AF662481CB0300BB3487 /* CommentsLikes.swift in Sources */,
				03C1AF602481CAEF00BB3487 /* Captcha.swift in Sources */,
				03C1AF622481CAFF00BB3487 /* Login.swift in Sources */,
				03C1AF672481CB0300BB3487 /* CollectionItem.swift in Sources */,
				031EE8322065C59B0030CA68 /* TVViewController.swift in Sources */,
				031EE8352065C59B0030CA68 /* Pr0grammTV.xcdatamodeld in Sources */,
				03C1AF612481CAF500BB3487 /* UserInfo.swift in Sources */,
				03D7F1A92486E8B70014190B /* TVViewModel.swift in Sources */,
				03D7F1B5248833EB0014190B /* TVCoordinator.swift in Sources */,
				03D7F1B6248833F10014190B /* TVLoginViewController.swift in Sources */,
				031EE8422065C5B10030CA68 /* ItemInfo.swift in Sources */,
				031EE8302065C59B0030CA68 /* AppDelegate.swift in Sources */,
				03C1AF642481CB0300BB3487 /* User.swift in Sources */,
				03D7F1BA248B0F270014190B /* Collections.swift in Sources */,
				03C1AF632481CAFF00BB3487 /* Downloader.swift in Sources */,
				031EE8442065C5B10030CA68 /* Tags.swift in Sources */,
				031EE8412065C5B10030CA68 /* Item.swift in Sources */,
				031EE83F2065C5B10030CA68 /* Pr0grammConnector.swift in Sources */,
				03C1AF652481CB0300BB3487 /* Badges.swift in Sources */,
				03D7F1A6248466890014190B /* UIViewController+Extension.swift in Sources */,
				03C1AF5F2481CAD300BB3487 /* Settings.swift in Sources */,
				031EE8432065C5B10030CA68 /* Comment.swift in Sources */,
			);
			runOnlyForDeploymentPostprocessing = 0;
		};
/* End PBXSourcesBuildPhase section */

/* Begin PBXVariantGroup section */
		03076A672059E80F00168E62 /* PostsOverviewCollectionViewController.storyboard */ = {
			isa = PBXVariantGroup;
			children = (
				03076A682059E80F00168E62 /* Base */,
			);
			name = PostsOverviewCollectionViewController.storyboard;
			sourceTree = "<group>";
		};
		03076A6C2059E80F00168E62 /* LaunchScreen.storyboard */ = {
			isa = PBXVariantGroup;
			children = (
				03076A6D2059E80F00168E62 /* Base */,
			);
			name = LaunchScreen.storyboard;
			sourceTree = "<group>";
		};
		031EE8362065C59B0030CA68 /* TVViewController.storyboard */ = {
			isa = PBXVariantGroup;
			children = (
				031EE8372065C59B0030CA68 /* Base */,
			);
			name = TVViewController.storyboard;
			sourceTree = "<group>";
		};
/* End PBXVariantGroup section */

/* Begin XCBuildConfiguration section */
		03076A702059E80F00168E62 /* Debug */ = {
			isa = XCBuildConfiguration;
			buildSettings = {
				ALWAYS_SEARCH_USER_PATHS = NO;
				CLANG_ANALYZER_NONNULL = YES;
				CLANG_ANALYZER_NUMBER_OBJECT_CONVERSION = YES_AGGRESSIVE;
				CLANG_CXX_LANGUAGE_STANDARD = "gnu++14";
				CLANG_CXX_LIBRARY = "libc++";
				CLANG_ENABLE_MODULES = YES;
				CLANG_ENABLE_OBJC_ARC = YES;
				CLANG_WARN_BLOCK_CAPTURE_AUTORELEASING = YES;
				CLANG_WARN_BOOL_CONVERSION = YES;
				CLANG_WARN_COMMA = YES;
				CLANG_WARN_CONSTANT_CONVERSION = YES;
				CLANG_WARN_DEPRECATED_OBJC_IMPLEMENTATIONS = YES;
				CLANG_WARN_DIRECT_OBJC_ISA_USAGE = YES_ERROR;
				CLANG_WARN_DOCUMENTATION_COMMENTS = YES;
				CLANG_WARN_EMPTY_BODY = YES;
				CLANG_WARN_ENUM_CONVERSION = YES;
				CLANG_WARN_INFINITE_RECURSION = YES;
				CLANG_WARN_INT_CONVERSION = YES;
				CLANG_WARN_NON_LITERAL_NULL_CONVERSION = YES;
				CLANG_WARN_OBJC_IMPLICIT_RETAIN_SELF = YES;
				CLANG_WARN_OBJC_LITERAL_CONVERSION = YES;
				CLANG_WARN_OBJC_ROOT_CLASS = YES_ERROR;
				CLANG_WARN_RANGE_LOOP_ANALYSIS = YES;
				CLANG_WARN_STRICT_PROTOTYPES = YES;
				CLANG_WARN_SUSPICIOUS_MOVE = YES;
				CLANG_WARN_UNGUARDED_AVAILABILITY = YES_AGGRESSIVE;
				CLANG_WARN_UNREACHABLE_CODE = YES;
				CLANG_WARN__DUPLICATE_METHOD_MATCH = YES;
				CODE_SIGN_IDENTITY = "iPhone Developer";
				COPY_PHASE_STRIP = NO;
				DEBUG_INFORMATION_FORMAT = dwarf;
				ENABLE_STRICT_OBJC_MSGSEND = YES;
				ENABLE_TESTABILITY = YES;
				GCC_C_LANGUAGE_STANDARD = gnu11;
				GCC_DYNAMIC_NO_PIC = NO;
				GCC_NO_COMMON_BLOCKS = YES;
				GCC_OPTIMIZATION_LEVEL = 0;
				GCC_PREPROCESSOR_DEFINITIONS = (
					"DEBUG=1",
					"$(inherited)",
				);
				GCC_WARN_64_TO_32_BIT_CONVERSION = YES;
				GCC_WARN_ABOUT_RETURN_TYPE = YES_ERROR;
				GCC_WARN_UNDECLARED_SELECTOR = YES;
				GCC_WARN_UNINITIALIZED_AUTOS = YES_AGGRESSIVE;
				GCC_WARN_UNUSED_FUNCTION = YES;
				GCC_WARN_UNUSED_VARIABLE = YES;
				IPHONEOS_DEPLOYMENT_TARGET = 13.0;
				MTL_ENABLE_DEBUG_INFO = YES;
				ONLY_ACTIVE_ARCH = YES;
				SDKROOT = iphoneos;
				SWIFT_ACTIVE_COMPILATION_CONDITIONS = DEBUG;
				SWIFT_OPTIMIZATION_LEVEL = "-Onone";
			};
			name = Debug;
		};
		03076A712059E80F00168E62 /* Release */ = {
			isa = XCBuildConfiguration;
			buildSettings = {
				ALWAYS_SEARCH_USER_PATHS = NO;
				CLANG_ANALYZER_NONNULL = YES;
				CLANG_ANALYZER_NUMBER_OBJECT_CONVERSION = YES_AGGRESSIVE;
				CLANG_CXX_LANGUAGE_STANDARD = "gnu++14";
				CLANG_CXX_LIBRARY = "libc++";
				CLANG_ENABLE_MODULES = YES;
				CLANG_ENABLE_OBJC_ARC = YES;
				CLANG_WARN_BLOCK_CAPTURE_AUTORELEASING = YES;
				CLANG_WARN_BOOL_CONVERSION = YES;
				CLANG_WARN_COMMA = YES;
				CLANG_WARN_CONSTANT_CONVERSION = YES;
				CLANG_WARN_DEPRECATED_OBJC_IMPLEMENTATIONS = YES;
				CLANG_WARN_DIRECT_OBJC_ISA_USAGE = YES_ERROR;
				CLANG_WARN_DOCUMENTATION_COMMENTS = YES;
				CLANG_WARN_EMPTY_BODY = YES;
				CLANG_WARN_ENUM_CONVERSION = YES;
				CLANG_WARN_INFINITE_RECURSION = YES;
				CLANG_WARN_INT_CONVERSION = YES;
				CLANG_WARN_NON_LITERAL_NULL_CONVERSION = YES;
				CLANG_WARN_OBJC_IMPLICIT_RETAIN_SELF = YES;
				CLANG_WARN_OBJC_LITERAL_CONVERSION = YES;
				CLANG_WARN_OBJC_ROOT_CLASS = YES_ERROR;
				CLANG_WARN_RANGE_LOOP_ANALYSIS = YES;
				CLANG_WARN_STRICT_PROTOTYPES = YES;
				CLANG_WARN_SUSPICIOUS_MOVE = YES;
				CLANG_WARN_UNGUARDED_AVAILABILITY = YES_AGGRESSIVE;
				CLANG_WARN_UNREACHABLE_CODE = YES;
				CLANG_WARN__DUPLICATE_METHOD_MATCH = YES;
				CODE_SIGN_IDENTITY = "iPhone Developer";
				COPY_PHASE_STRIP = NO;
				DEBUG_INFORMATION_FORMAT = "dwarf-with-dsym";
				ENABLE_NS_ASSERTIONS = NO;
				ENABLE_STRICT_OBJC_MSGSEND = YES;
				GCC_C_LANGUAGE_STANDARD = gnu11;
				GCC_NO_COMMON_BLOCKS = YES;
				GCC_WARN_64_TO_32_BIT_CONVERSION = YES;
				GCC_WARN_ABOUT_RETURN_TYPE = YES_ERROR;
				GCC_WARN_UNDECLARED_SELECTOR = YES;
				GCC_WARN_UNINITIALIZED_AUTOS = YES_AGGRESSIVE;
				GCC_WARN_UNUSED_FUNCTION = YES;
				GCC_WARN_UNUSED_VARIABLE = YES;
				IPHONEOS_DEPLOYMENT_TARGET = 13.0;
				MTL_ENABLE_DEBUG_INFO = NO;
				SDKROOT = iphoneos;
				SWIFT_OPTIMIZATION_LEVEL = "-Owholemodule";
				VALIDATE_PRODUCT = YES;
			};
			name = Release;
		};
		03076A732059E80F00168E62 /* Debug */ = {
			isa = XCBuildConfiguration;
			baseConfigurationReference = CF40EF03453B6FC2E81BF011 /* Pods-Pr0gramm.debug.xcconfig */;
			buildSettings = {
				ASSETCATALOG_COMPILER_APPICON_NAME = AppIcon;
				CODE_SIGN_ENTITLEMENTS = Pr0gramm/Pr0gramm.entitlements;
				CODE_SIGN_STYLE = Automatic;
				CURRENT_PROJECT_VERSION = 37;
				DERIVE_MACCATALYST_PRODUCT_BUNDLE_IDENTIFIER = YES;
				DEVELOPMENT_TEAM = FMXL9R3NPC;
				INFOPLIST_FILE = Pr0gramm/Info.plist;
				IPHONEOS_DEPLOYMENT_TARGET = 13.0;
				LD_RUNPATH_SEARCH_PATHS = "$(inherited) @executable_path/Frameworks";
				PRODUCT_BUNDLE_IDENTIFIER = com.pr0gramm.Pr0grammApp;
				PRODUCT_NAME = pr0gramm;
				SUPPORTS_MACCATALYST = YES;
				SWIFT_VERSION = 5.0;
				TARGETED_DEVICE_FAMILY = "1,2";
			};
			name = Debug;
		};
		03076A742059E80F00168E62 /* Release */ = {
			isa = XCBuildConfiguration;
			baseConfigurationReference = B8B6109EB9DAB3D7BC6F488C /* Pods-Pr0gramm.release.xcconfig */;
			buildSettings = {
				ASSETCATALOG_COMPILER_APPICON_NAME = AppIcon;
				CODE_SIGN_ENTITLEMENTS = Pr0gramm/Pr0gramm.entitlements;
				CODE_SIGN_STYLE = Automatic;
				CURRENT_PROJECT_VERSION = 37;
				DERIVE_MACCATALYST_PRODUCT_BUNDLE_IDENTIFIER = YES;
				DEVELOPMENT_TEAM = FMXL9R3NPC;
				INFOPLIST_FILE = Pr0gramm/Info.plist;
				IPHONEOS_DEPLOYMENT_TARGET = 13.0;
				LD_RUNPATH_SEARCH_PATHS = "$(inherited) @executable_path/Frameworks";
				PRODUCT_BUNDLE_IDENTIFIER = com.pr0gramm.Pr0grammApp;
				PRODUCT_NAME = pr0gramm;
				SUPPORTS_MACCATALYST = YES;
				SWIFT_VERSION = 5.0;
				TARGETED_DEVICE_FAMILY = "1,2";
			};
			name = Release;
		};
		031EE83C2065C59B0030CA68 /* Debug */ = {
			isa = XCBuildConfiguration;
			buildSettings = {
				ASSETCATALOG_COMPILER_APPICON_NAME = "App Icon & Top Shelf Image";
				ASSETCATALOG_COMPILER_LAUNCHIMAGE_NAME = LaunchImage;
				CODE_SIGN_STYLE = Automatic;
				DEVELOPMENT_TEAM = FMXL9R3NPC;
				INFOPLIST_FILE = Pr0grammTV/Info.plist;
				LD_RUNPATH_SEARCH_PATHS = "$(inherited) @executable_path/Frameworks";
				PRODUCT_BUNDLE_IDENTIFIER = com.pr0gramm.Pr0grammTV;
				PRODUCT_NAME = "$(TARGET_NAME)";
				SDKROOT = appletvos;
				SWIFT_VERSION = 5.0;
				TARGETED_DEVICE_FAMILY = 3;
				TVOS_DEPLOYMENT_TARGET = 13.0;
			};
			name = Debug;
		};
		031EE83D2065C59B0030CA68 /* Release */ = {
			isa = XCBuildConfiguration;
			buildSettings = {
				ASSETCATALOG_COMPILER_APPICON_NAME = "App Icon & Top Shelf Image";
				ASSETCATALOG_COMPILER_LAUNCHIMAGE_NAME = LaunchImage;
				CODE_SIGN_STYLE = Automatic;
				DEVELOPMENT_TEAM = FMXL9R3NPC;
				INFOPLIST_FILE = Pr0grammTV/Info.plist;
				LD_RUNPATH_SEARCH_PATHS = "$(inherited) @executable_path/Frameworks";
				PRODUCT_BUNDLE_IDENTIFIER = com.pr0gramm.Pr0grammTV;
				PRODUCT_NAME = "$(TARGET_NAME)";
				SDKROOT = appletvos;
				SWIFT_VERSION = 5.0;
				TARGETED_DEVICE_FAMILY = 3;
				TVOS_DEPLOYMENT_TARGET = 13.0;
			};
			name = Release;
		};
/* End XCBuildConfiguration section */

/* Begin XCConfigurationList section */
		03076A5B2059E80F00168E62 /* Build configuration list for PBXProject "Pr0gramm" */ = {
			isa = XCConfigurationList;
			buildConfigurations = (
				03076A702059E80F00168E62 /* Debug */,
				03076A712059E80F00168E62 /* Release */,
			);
			defaultConfigurationIsVisible = 0;
			defaultConfigurationName = Release;
		};
		03076A722059E80F00168E62 /* Build configuration list for PBXNativeTarget "Pr0gramm" */ = {
			isa = XCConfigurationList;
			buildConfigurations = (
				03076A732059E80F00168E62 /* Debug */,
				03076A742059E80F00168E62 /* Release */,
			);
			defaultConfigurationIsVisible = 0;
			defaultConfigurationName = Release;
		};
		031EE83E2065C59B0030CA68 /* Build configuration list for PBXNativeTarget "PR0GRAMM TV" */ = {
			isa = XCConfigurationList;
			buildConfigurations = (
				031EE83C2065C59B0030CA68 /* Debug */,
				031EE83D2065C59B0030CA68 /* Release */,
			);
			defaultConfigurationIsVisible = 0;
			defaultConfigurationName = Release;
		};
/* End XCConfigurationList section */

/* Begin XCVersionGroup section */
		031EE8332065C59B0030CA68 /* Pr0grammTV.xcdatamodeld */ = {
			isa = XCVersionGroup;
			children = (
				031EE8342065C59B0030CA68 /* Pr0grammTV.xcdatamodel */,
			);
			currentVersion = 031EE8342065C59B0030CA68 /* Pr0grammTV.xcdatamodel */;
			path = Pr0grammTV.xcdatamodeld;
			sourceTree = "<group>";
			versionGroupType = wrapper.xcdatamodel;
		};
		03DB22902466D5A8007E6B31 /* DataModel.xcdatamodeld */ = {
			isa = XCVersionGroup;
			children = (
				03DB22912466D5A8007E6B31 /* DataModel.xcdatamodel */,
			);
			currentVersion = 03DB22912466D5A8007E6B31 /* DataModel.xcdatamodel */;
			path = DataModel.xcdatamodeld;
			sourceTree = "<group>";
			versionGroupType = wrapper.xcdatamodel;
		};
/* End XCVersionGroup section */
	};
	rootObject = 03076A582059E80F00168E62 /* Project object */;
}
