PODS:
  - ImageScrollView (1.9.3)
  - ScrollingContentViewController (1.4.0)

DEPENDENCIES:
  - ImageScrollView
  - ScrollingContentViewController

SPEC REPOS:
  trunk:
    - ImageScrollView
    - ScrollingContentViewController

SPEC CHECKSUMS:
  ImageScrollView: d3ce8371e0d44299b2b638410db45387e18aa83f
  ScrollingContentViewController: 1bff026d6f32c15489dcd22821911eda5fda3801

PODFILE CHECKSUM: 20db4b343dc9f4edca49ec6b2ffebcde8df4a39e

COCOAPODS: 1.12.1
